// !$*UTF8*$!
{
	archiveVersion = 1;
	classes = {
	};
	objectVersion = 50;
	objects = {

/* Begin PBXBuildFile section */
		BD646BAD261E4982009571C1 /* AppDelegate.swift in Sources */ = {isa = PBXBuildFile; fileRef = BD646BAC261E4982009571C1 /* AppDelegate.swift */; };
		BD646BAF261E4982009571C1 /* ContentView.swift in Sources */ = {isa = PBXBuildFile; fileRef = BD646BAE261E4982009571C1 /* ContentView.swift */; };
		BD646BB2261E4982009571C1 /* AppBuilder.xcdatamodeld in Sources */ = {isa = PBXBuildFile; fileRef = BD646BB0261E4982009571C1 /* AppBuilder.xcdatamodeld */; };
		BD646BB4261E4983009571C1 /* Assets.xcassets in Resources */ = {isa = PBXBuildFile; fileRef = BD646BB3261E4983009571C1 /* Assets.xcassets */; };
		BD646BB7261E4983009571C1 /* Preview Assets.xcassets in Resources */ = {isa = PBXBuildFile; fileRef = BD646BB6261E4983009571C1 /* Preview Assets.xcassets */; };
		BD646BBA261E4983009571C1 /* Main.storyboard in Resources */ = {isa = PBXBuildFile; fileRef = BD646BB8261E4983009571C1 /* Main.storyboard */; };
		BD646BC6261E4984009571C1 /* AppBuilderTests.swift in Sources */ = {isa = PBXBuildFile; fileRef = BD646BC5261E4984009571C1 /* AppBuilderTests.swift */; };
		BD646BD1261E4984009571C1 /* AppBuilderUITests.swift in Sources */ = {isa = PBXBuildFile; fileRef = BD646BD0261E4984009571C1 /* AppBuilderUITests.swift */; };
/* End PBXBuildFile section */

/* Begin PBXContainerItemProxy section */
		BD646BC2261E4984009571C1 /* PBXContainerItemProxy */ = {
			isa = PBXContainerItemProxy;
			containerPortal = BD646BA1261E4981009571C1 /* Project object */;
			proxyType = 1;
			remoteGlobalIDString = BD646BA8261E4982009571C1;
			remoteInfo = AppBuilder;
		};
		BD646BCD261E4984009571C1 /* PBXContainerItemProxy */ = {
			isa = PBXContainerItemProxy;
			containerPortal = BD646BA1261E4981009571C1 /* Project object */;
			proxyType = 1;
			remoteGlobalIDString = BD646BA8261E4982009571C1;
			remoteInfo = AppBuilder;
		};
/* End PBXContainerItemProxy section */

/* Begin PBXFileReference section */
		BD646BA9261E4982009571C1 /* AppBuilder.app */ = {isa = PBXFileReference; explicitFileType = wrapper.application; includeInIndex = 0; path = AppBuilder.app; sourceTree = BUILT_PRODUCTS_DIR; };
		BD646BAC261E4982009571C1 /* AppDelegate.swift */ = {isa = PBXFileReference; lastKnownFileType = sourcecode.swift; path = AppDelegate.swift; sourceTree = "<group>"; };
		BD646BAE261E4982009571C1 /* ContentView.swift */ = {isa = PBXFileReference; lastKnownFileType = sourcecode.swift; path = ContentView.swift; sourceTree = "<group>"; };
		BD646BB1261E4982009571C1 /* AppBuilder.xcdatamodel */ = {isa = PBXFileReference; lastKnownFileType = wrapper.xcdatamodel; path = AppBuilder.xcdatamodel; sourceTree = "<group>"; };
		BD646BB3261E4983009571C1 /* Assets.xcassets */ = {isa = PBXFileReference; lastKnownFileType = folder.assetcatalog; path = Assets.xcassets; sourceTree = "<group>"; };
		BD646BB6261E4983009571C1 /* Preview Assets.xcassets */ = {isa = PBXFileReference; lastKnownFileType = folder.assetcatalog; path = "Preview Assets.xcassets"; sourceTree = "<group>"; };
		BD646BB9261E4983009571C1 /* Base */ = {isa = PBXFileReference; lastKnownFileType = file.storyboard; name = Base; path = Base.lproj/Main.storyboard; sourceTree = "<group>"; };
		BD646BBB261E4983009571C1 /* Info.plist */ = {isa = PBXFileReference; lastKnownFileType = text.plist.xml; path = Info.plist; sourceTree = "<group>"; };
		BD646BBC261E4983009571C1 /* AppBuilder.entitlements */ = {isa = PBXFileReference; lastKnownFileType = text.plist.entitlements; path = AppBuilder.entitlements; sourceTree = "<group>"; };
		BD646BC1261E4984009571C1 /* AppBuilderTests.xctest */ = {isa = PBXFileReference; explicitFileType = wrapper.cfbundle; includeInIndex = 0; path = AppBuilderTests.xctest; sourceTree = BUILT_PRODUCTS_DIR; };
		BD646BC5261E4984009571C1 /* AppBuilderTests.swift */ = {isa = PBXFileReference; lastKnownFileType = sourcecode.swift; path = AppBuilderTests.swift; sourceTree = "<group>"; };
		BD646BC7261E4984009571C1 /* Info.plist */ = {isa = PBXFileReference; lastKnownFileType = text.plist.xml; path = Info.plist; sourceTree = "<group>"; };
		BD646BCC261E4984009571C1 /* AppBuilderUITests.xctest */ = {isa = PBXFileReference; explicitFileType = wrapper.cfbundle; includeInIndex = 0; path = AppBuilderUITests.xctest; sourceTree = BUILT_PRODUCTS_DIR; };
		BD646BD0261E4984009571C1 /* AppBuilderUITests.swift */ = {isa = PBXFileReference; lastKnownFileType = sourcecode.swift; path = AppBuilderUITests.swift; sourceTree = "<group>"; };
		BD646BD2261E4984009571C1 /* Info.plist */ = {isa = PBXFileReference; lastKnownFileType = text.plist.xml; path = Info.plist; sourceTree = "<group>"; };
/* End PBXFileReference section */

/* Begin PBXFrameworksBuildPhase section */
		BD646BA6261E4982009571C1 /* Frameworks */ = {
			isa = PBXFrameworksBuildPhase;
			buildActionMask = 2147483647;
			files = (
			);
			runOnlyForDeploymentPostprocessing = 0;
		};
		BD646BBE261E4984009571C1 /* Frameworks */ = {
			isa = PBXFrameworksBuildPhase;
			buildActionMask = 2147483647;
			files = (
			);
			runOnlyForDeploymentPostprocessing = 0;
		};
		BD646BC9261E4984009571C1 /* Frameworks */ = {
			isa = PBXFrameworksBuildPhase;
			buildActionMask = 2147483647;
			files = (
			);
			runOnlyForDeploymentPostprocessing = 0;
		};
/* End PBXFrameworksBuildPhase section */

/* Begin PBXGroup section */
		BD646BA0261E4981009571C1 = {
			isa = PBXGroup;
			children = (
				BD646BAB261E4982009571C1 /* AppBuilder */,
				BD646BC4261E4984009571C1 /* AppBuilderTests */,
				BD646BCF261E4984009571C1 /* AppBuilderUITests */,
				BD646BAA261E4982009571C1 /* Products */,
			);
			sourceTree = "<group>";
		};
		BD646BAA261E4982009571C1 /* Products */ = {
			isa = PBXGroup;
			children = (
				BD646BA9261E4982009571C1 /* AppBuilder.app */,
				BD646BC1261E4984009571C1 /* AppBuilderTests.xctest */,
				BD646BCC261E4984009571C1 /* AppBuilderUITests.xctest */,
			);
			name = Products;
			sourceTree = "<group>";
		};
		BD646BAB261E4982009571C1 /* AppBuilder */ = {
			isa = PBXGroup;
			children = (
				BD646BAC261E4982009571C1 /* AppDelegate.swift */,
				BD646BAE261E4982009571C1 /* ContentView.swift */,
				BD646BB3261E4983009571C1 /* Assets.xcassets */,
				BD646BB8261E4983009571C1 /* Main.storyboard */,
				BD646BBB261E4983009571C1 /* Info.plist */,
				BD646BBC261E4983009571C1 /* AppBuilder.entitlements */,
				BD646BB0261E4982009571C1 /* AppBuilder.xcdatamodeld */,
				BD646BB5261E4983009571C1 /* Preview Content */,
			);
			path = AppBuilder;
			sourceTree = "<group>";
		};
		BD646BB5261E4983009571C1 /* Preview Content */ = {
			isa = PBXGroup;
			children = (
				BD646BB6261E4983009571C1 /* Preview Assets.xcassets */,
			);
			path = "Preview Content";
			sourceTree = "<group>";
		};
		BD646BC4261E4984009571C1 /* AppBuilderTests */ = {
			isa = PBXGroup;
			children = (
				BD646BC5261E4984009571C1 /* AppBuilderTests.swift */,
				BD646BC7261E4984009571C1 /* Info.plist */,
			);
			path = AppBuilderTests;
			sourceTree = "<group>";
		};
		BD646BCF261E4984009571C1 /* AppBuilderUITests */ = {
			isa = PBXGroup;
			children = (
				BD646BD0261E4984009571C1 /* AppBuilderUITests.swift */,
				BD646BD2261E4984009571C1 /* Info.plist */,
			);
			path = AppBuilderUITests;
			sourceTree = "<group>";
		};
/* End PBXGroup section */

/* Begin PBXNativeTarget section */
		BD646BA8261E4982009571C1 /* AppBuilder */ = {
			isa = PBXNativeTarget;
			buildConfigurationList = BD646BD5261E4984009571C1 /* Build configuration list for PBXNativeTarget "AppBuilder" */;
			buildPhases = (
				BD646BA5261E4982009571C1 /* Sources */,
				BD646BA6261E4982009571C1 /* Frameworks */,
				BD646BA7261E4982009571C1 /* Resources */,
			);
			buildRules = (
			);
			dependencies = (
			);
			name = AppBuilder;
			productName = AppBuilder;
			productReference = BD646BA9261E4982009571C1 /* AppBuilder.app */;
			productType = "com.apple.product-type.application";
		};
		BD646BC0261E4984009571C1 /* AppBuilderTests */ = {
			isa = PBXNativeTarget;
			buildConfigurationList = BD646BD8261E4984009571C1 /* Build configuration list for PBXNativeTarget "AppBuilderTests" */;
			buildPhases = (
				BD646BBD261E4984009571C1 /* Sources */,
				BD646BBE261E4984009571C1 /* Frameworks */,
				BD646BBF261E4984009571C1 /* Resources */,
			);
			buildRules = (
			);
			dependencies = (
				BD646BC3261E4984009571C1 /* PBXTargetDependency */,
			);
			name = AppBuilderTests;
			productName = AppBuilderTests;
			productReference = BD646BC1261E4984009571C1 /* AppBuilderTests.xctest */;
			productType = "com.apple.product-type.bundle.unit-test";
		};
		BD646BCB261E4984009571C1 /* AppBuilderUITests */ = {
			isa = PBXNativeTarget;
			buildConfigurationList = BD646BDB261E4984009571C1 /* Build configuration list for PBXNativeTarget "AppBuilderUITests" */;
			buildPhases = (
				BD646BC8261E4984009571C1 /* Sources */,
				BD646BC9261E4984009571C1 /* Frameworks */,
				BD646BCA261E4984009571C1 /* Resources */,
			);
			buildRules = (
			);
			dependencies = (
				BD646BCE261E4984009571C1 /* PBXTargetDependency */,
			);
			name = AppBuilderUITests;
			productName = AppBuilderUITests;
			productReference = BD646BCC261E4984009571C1 /* AppBuilderUITests.xctest */;
			productType = "com.apple.product-type.bundle.ui-testing";
		};
/* End PBXNativeTarget section */

/* Begin PBXProject section */
		BD646BA1261E4981009571C1 /* Project object */ = {
			isa = PBXProject;
			attributes = {
				LastSwiftUpdateCheck = 1240;
				LastUpgradeCheck = 1240;
				TargetAttributes = {
					BD646BA8261E4982009571C1 = {
						CreatedOnToolsVersion = 12.4;
					};
					BD646BC0261E4984009571C1 = {
						CreatedOnToolsVersion = 12.4;
						TestTargetID = BD646BA8261E4982009571C1;
					};
					BD646BCB261E4984009571C1 = {
						CreatedOnToolsVersion = 12.4;
						TestTargetID = BD646BA8261E4982009571C1;
					};
				};
			};
			buildConfigurationList = BD646BA4261E4981009571C1 /* Build configuration list for PBXProject "AppBuilder" */;
			compatibilityVersion = "Xcode 9.3";
			developmentRegion = en;
			hasScannedForEncodings = 0;
			knownRegions = (
				en,
				Base,
			);
			mainGroup = BD646BA0261E4981009571C1;
			productRefGroup = BD646BAA261E4982009571C1 /* Products */;
			projectDirPath = "";
			projectRoot = "";
			targets = (
				BD646BA8261E4982009571C1 /* AppBuilder */,
				BD646BC0261E4984009571C1 /* AppBuilderTests */,
				BD646BCB261E4984009571C1 /* AppBuilderUITests */,
			);
		};
/* End PBXProject section */

/* Begin PBXResourcesBuildPhase section */
		BD646BA7261E4982009571C1 /* Resources */ = {
			isa = PBXResourcesBuildPhase;
			buildActionMask = 2147483647;
			files = (
				BD646BBA261E4983009571C1 /* Main.storyboard in Resources */,
				BD646BB7261E4983009571C1 /* Preview Assets.xcassets in Resources */,
				BD646BB4261E4983009571C1 /* Assets.xcassets in Resources */,
			);
			runOnlyForDeploymentPostprocessing = 0;
		};
		BD646BBF261E4984009571C1 /* Resources */ = {
			isa = PBXResourcesBuildPhase;
			buildActionMask = 2147483647;
			files = (
			);
			runOnlyForDeploymentPostprocessing = 0;
		};
		BD646BCA261E4984009571C1 /* Resources */ = {
			isa = PBXResourcesBuildPhase;
			buildActionMask = 2147483647;
			files = (
			);
			runOnlyForDeploymentPostprocessing = 0;
		};
/* End PBXResourcesBuildPhase section */

/* Begin PBXSourcesBuildPhase section */
		BD646BA5261E4982009571C1 /* Sources */ = {
			isa = PBXSourcesBuildPhase;
			buildActionMask = 2147483647;
			files = (
				BD646BAF261E4982009571C1 /* ContentView.swift in Sources */,
				BD646BAD261E4982009571C1 /* AppDelegate.swift in Sources */,
				BD646BB2261E4982009571C1 /* AppBuilder.xcdatamodeld in Sources */,
			);
			runOnlyForDeploymentPostprocessing = 0;
		};
		BD646BBD261E4984009571C1 /* Sources */ = {
			isa = PBXSourcesBuildPhase;
			buildActionMask = 2147483647;
			files = (
				BD646BC6261E4984009571C1 /* AppBuilderTests.swift in Sources */,
			);
			runOnlyForDeploymentPostprocessing = 0;
		};
		BD646BC8261E4984009571C1 /* Sources */ = {
			isa = PBXSourcesBuildPhase;
			buildActionMask = 2147483647;
			files = (
				BD646BD1261E4984009571C1 /* AppBuilderUITests.swift in Sources */,
			);
			runOnlyForDeploymentPostprocessing = 0;
		};
/* End PBXSourcesBuildPhase section */

/* Begin PBXTargetDependency section */
		BD646BC3261E4984009571C1 /* PBXTargetDependency */ = {
			isa = PBXTargetDependency;
			target = BD646BA8261E4982009571C1 /* AppBuilder */;
			targetProxy = BD646BC2261E4984009571C1 /* PBXContainerItemProxy */;
		};
		BD646BCE261E4984009571C1 /* PBXTargetDependency */ = {
			isa = PBXTargetDependency;
			target = BD646BA8261E4982009571C1 /* AppBuilder */;
			targetProxy = BD646BCD261E4984009571C1 /* PBXContainerItemProxy */;
		};
/* End PBXTargetDependency section */

/* Begin PBXVariantGroup section */
		BD646BB8261E4983009571C1 /* Main.storyboard */ = {
			isa = PBXVariantGroup;
			children = (
				BD646BB9261E4983009571C1 /* Base */,
			);
			name = Main.storyboard;
			sourceTree = "<group>";
		};
/* End PBXVariantGroup section */

/* Begin XCBuildConfiguration section */
		BD646BD3261E4984009571C1 /* Debug */ = {
			isa = XCBuildConfiguration;
			buildSettings = {
				ALWAYS_SEARCH_USER_PATHS = NO;
				CLANG_ANALYZER_NONNULL = YES;
				CLANG_ANALYZER_NUMBER_OBJECT_CONVERSION = YES_AGGRESSIVE;
				CLANG_CXX_LANGUAGE_STANDARD = "gnu++14";
				CLANG_CXX_LIBRARY = "libc++";
				CLANG_ENABLE_MODULES = YES;
				CLANG_ENABLE_OBJC_ARC = YES;
				CLANG_ENABLE_OBJC_WEAK = YES;
				CLANG_WARN_BLOCK_CAPTURE_AUTORELEASING = YES;
				CLANG_WARN_BOOL_CONVERSION = YES;
				CLANG_WARN_COMMA = YES;
				CLANG_WARN_CONSTANT_CONVERSION = YES;
				CLANG_WARN_DEPRECATED_OBJC_IMPLEMENTATIONS = YES;
				CLANG_WARN_DIRECT_OBJC_ISA_USAGE = YES_ERROR;
				CLANG_WARN_DOCUMENTATION_COMMENTS = YES;
				CLANG_WARN_EMPTY_BODY = YES;
				CLANG_WARN_ENUM_CONVERSION = YES;
				CLANG_WARN_INFINITE_RECURSION = YES;
				CLANG_WARN_INT_CONVERSION = YES;
				CLANG_WARN_NON_LITERAL_NULL_CONVERSION = YES;
				CLANG_WARN_OBJC_IMPLICIT_RETAIN_SELF = YES;
				CLANG_WARN_OBJC_LITERAL_CONVERSION = YES;
				CLANG_WARN_OBJC_ROOT_CLASS = YES_ERROR;
				CLANG_WARN_QUOTED_INCLUDE_IN_FRAMEWORK_HEADER = YES;
				CLANG_WARN_RANGE_LOOP_ANALYSIS = YES;
				CLANG_WARN_STRICT_PROTOTYPES = YES;
				CLANG_WARN_SUSPICIOUS_MOVE = YES;
				CLANG_WARN_UNGUARDED_AVAILABILITY = YES_AGGRESSIVE;
				CLANG_WARN_UNREACHABLE_CODE = YES;
				CLANG_WARN__DUPLICATE_METHOD_MATCH = YES;
				COPY_PHASE_STRIP = NO;
				DEBUG_INFORMATION_FORMAT = dwarf;
				ENABLE_STRICT_OBJC_MSGSEND = YES;
				ENABLE_TESTABILITY = YES;
				GCC_C_LANGUAGE_STANDARD = gnu11;
				GCC_DYNAMIC_NO_PIC = NO;
				GCC_NO_COMMON_BLOCKS = YES;
				GCC_OPTIMIZATION_LEVEL = 0;
				GCC_PREPROCESSOR_DEFINITIONS = (
					"DEBUG=1",
					"$(inherited)",
				);
				GCC_WARN_64_TO_32_BIT_CONVERSION = YES;
				GCC_WARN_ABOUT_RETURN_TYPE = YES_ERROR;
				GCC_WARN_UNDECLARED_SELECTOR = YES;
				GCC_WARN_UNINITIALIZED_AUTOS = YES_AGGRESSIVE;
				GCC_WARN_UNUSED_FUNCTION = YES;
				GCC_WARN_UNUSED_VARIABLE = YES;
				MACOSX_DEPLOYMENT_TARGET = 10.15;
				MTL_ENABLE_DEBUG_INFO = INCLUDE_SOURCE;
				MTL_FAST_MATH = YES;
				ONLY_ACTIVE_ARCH = YES;
				SDKROOT = macosx;
				SWIFT_ACTIVE_COMPILATION_CONDITIONS = DEBUG;
				SWIFT_OPTIMIZATION_LEVEL = "-Onone";
			};
			name = Debug;
		};
		BD646BD4261E4984009571C1 /* Release */ = {
			isa = XCBuildConfiguration;
			buildSettings = {
				ALWAYS_SEARCH_USER_PATHS = NO;
				CLANG_ANALYZER_NONNULL = YES;
				CLANG_ANALYZER_NUMBER_OBJECT_CONVERSION = YES_AGGRESSIVE;
				CLANG_CXX_LANGUAGE_STANDARD = "gnu++14";
				CLANG_CXX_LIBRARY = "libc++";
				CLANG_ENABLE_MODULES = YES;
				CLANG_ENABLE_OBJC_ARC = YES;
				CLANG_ENABLE_OBJC_WEAK = YES;
				CLANG_WARN_BLOCK_CAPTURE_AUTORELEASING = YES;
				CLANG_WARN_BOOL_CONVERSION = YES;
				CLANG_WARN_COMMA = YES;
				CLANG_WARN_CONSTANT_CONVERSION = YES;
				CLANG_WARN_DEPRECATED_OBJC_IMPLEMENTATIONS = YES;
				CLANG_WARN_DIRECT_OBJC_ISA_USAGE = YES_ERROR;
				CLANG_WARN_DOCUMENTATION_COMMENTS = YES;
				CLANG_WARN_EMPTY_BODY = YES;
				CLANG_WARN_ENUM_CONVERSION = YES;
				CLANG_WARN_INFINITE_RECURSION = YES;
				CLANG_WARN_INT_CONVERSION = YES;
				CLANG_WARN_NON_LITERAL_NULL_CONVERSION = YES;
				CLANG_WARN_OBJC_IMPLICIT_RETAIN_SELF = YES;
				CLANG_WARN_OBJC_LITERAL_CONVERSION = YES;
				CLANG_WARN_OBJC_ROOT_CLASS = YES_ERROR;
				CLANG_WARN_QUOTED_INCLUDE_IN_FRAMEWORK_HEADER = YES;
				CLANG_WARN_RANGE_LOOP_ANALYSIS = YES;
				CLANG_WARN_STRICT_PROTOTYPES = YES;
				CLANG_WARN_SUSPICIOUS_MOVE = YES;
				CLANG_WARN_UNGUARDED_AVAILABILITY = YES_AGGRESSIVE;
				CLANG_WARN_UNREACHABLE_CODE = YES;
				CLANG_WARN__DUPLICATE_METHOD_MATCH = YES;
				COPY_PHASE_STRIP = NO;
				DEBUG_INFORMATION_FORMAT = "dwarf-with-dsym";
				ENABLE_NS_ASSERTIONS = NO;
				ENABLE_STRICT_OBJC_MSGSEND = YES;
				GCC_C_LANGUAGE_STANDARD = gnu11;
				GCC_NO_COMMON_BLOCKS = YES;
				GCC_WARN_64_TO_32_BIT_CONVERSION = YES;
				GCC_WARN_ABOUT_RETURN_TYPE = YES_ERROR;
				GCC_WARN_UNDECLARED_SELECTOR = YES;
				GCC_WARN_UNINITIALIZED_AUTOS = YES_AGGRESSIVE;
				GCC_WARN_UNUSED_FUNCTION = YES;
				GCC_WARN_UNUSED_VARIABLE = YES;
				MACOSX_DEPLOYMENT_TARGET = 10.15;
				MTL_ENABLE_DEBUG_INFO = NO;
				MTL_FAST_MATH = YES;
				SDKROOT = macosx;
				SWIFT_COMPILATION_MODE = wholemodule;
				SWIFT_OPTIMIZATION_LEVEL = "-O";
			};
			name = Release;
		};
		BD646BD6261E4984009571C1 /* Debug */ = {
			isa = XCBuildConfiguration;
			buildSettings = {
				ASSETCATALOG_COMPILER_APPICON_NAME = AppIcon;
				ASSETCATALOG_COMPILER_GLOBAL_ACCENT_COLOR_NAME = AccentColor;
				CODE_SIGN_ENTITLEMENTS = AppBuilder/AppBuilder.entitlements;
				CODE_SIGN_STYLE = Automatic;
				COMBINE_HIDPI_IMAGES = YES;
				DEVELOPMENT_ASSET_PATHS = "\"AppBuilder/Preview Content\"";
				DEVELOPMENT_TEAM = 3858C7YJ9C;
				ENABLE_HARDENED_RUNTIME = YES;
				ENABLE_PREVIEWS = YES;
				INFOPLIST_FILE = AppBuilder/Info.plist;
				LD_RUNPATH_SEARCH_PATHS = (
					"$(inherited)",
					"@executable_path/../Frameworks",
				);
				MACOSX_DEPLOYMENT_TARGET = 10.15;
				PRODUCT_BUNDLE_IDENTIFIER = ms.archiver.com.AppBuilder;
				PRODUCT_NAME = "$(TARGET_NAME)";
				SWIFT_VERSION = 5.0;
			};
			name = Debug;
		};
		BD646BD7261E4984009571C1 /* Release */ = {
			isa = XCBuildConfiguration;
			buildSettings = {
				ASSETCATALOG_COMPILER_APPICON_NAME = AppIcon;
				ASSETCATALOG_COMPILER_GLOBAL_ACCENT_COLOR_NAME = AccentColor;
				CODE_SIGN_ENTITLEMENTS = AppBuilder/AppBuilder.entitlements;
				CODE_SIGN_STYLE = Automatic;
				COMBINE_HIDPI_IMAGES = YES;
				DEVELOPMENT_ASSET_PATHS = "\"AppBuilder/Preview Content\"";
				DEVELOPMENT_TEAM = 3858C7YJ9C;
				ENABLE_HARDENED_RUNTIME = YES;
				ENABLE_PREVIEWS = YES;
				INFOPLIST_FILE = AppBuilder/Info.plist;
				LD_RUNPATH_SEARCH_PATHS = (
					"$(inherited)",
					"@executable_path/../Frameworks",
				);
				MACOSX_DEPLOYMENT_TARGET = 10.15;
				PRODUCT_BUNDLE_IDENTIFIER = ms.archiver.com.AppBuilder;
				PRODUCT_NAME = "$(TARGET_NAME)";
				SWIFT_VERSION = 5.0;
			};
			name = Release;
		};
		BD646BD9261E4984009571C1 /* Debug */ = {
			isa = XCBuildConfiguration;
			buildSettings = {
				ALWAYS_EMBED_SWIFT_STANDARD_LIBRARIES = YES;
				BUNDLE_LOADER = "$(TEST_HOST)";
				CODE_SIGN_STYLE = Automatic;
				COMBINE_HIDPI_IMAGES = YES;
				DEVELOPMENT_TEAM = 3858C7YJ9C;
				INFOPLIST_FILE = AppBuilderTests/Info.plist;
				LD_RUNPATH_SEARCH_PATHS = (
					"$(inherited)",
					"@executable_path/../Frameworks",
					"@loader_path/../Frameworks",
				);
				MACOSX_DEPLOYMENT_TARGET = 10.15;
				PRODUCT_BUNDLE_IDENTIFIER = ms.archiver.com.AppBuilderTests;
				PRODUCT_NAME = "$(TARGET_NAME)";
				SWIFT_VERSION = 5.0;
				TEST_HOST = "$(BUILT_PRODUCTS_DIR)/AppBuilder.app/Contents/MacOS/AppBuilder";
			};
			name = Debug;
		};
		BD646BDA261E4984009571C1 /* Release */ = {
			isa = XCBuildConfiguration;
			buildSettings = {
				ALWAYS_EMBED_SWIFT_STANDARD_LIBRARIES = YES;
				BUNDLE_LOADER = "$(TEST_HOST)";
				CODE_SIGN_STYLE = Automatic;
				COMBINE_HIDPI_IMAGES = YES;
				DEVELOPMENT_TEAM = 3858C7YJ9C;
				INFOPLIST_FILE = AppBuilderTests/Info.plist;
				LD_RUNPATH_SEARCH_PATHS = (
					"$(inherited)",
					"@executable_path/../Frameworks",
					"@loader_path/../Frameworks",
				);
				MACOSX_DEPLOYMENT_TARGET = 10.15;
				PRODUCT_BUNDLE_IDENTIFIER = ms.archiver.com.AppBuilderTests;
				PRODUCT_NAME = "$(TARGET_NAME)";
				SWIFT_VERSION = 5.0;
				TEST_HOST = "$(BUILT_PRODUCTS_DIR)/AppBuilder.app/Contents/MacOS/AppBuilder";
			};
			name = Release;
		};
		BD646BDC261E4984009571C1 /* Debug */ = {
			isa = XCBuildConfiguration;
			buildSettings = {
				ALWAYS_EMBED_SWIFT_STANDARD_LIBRARIES = YES;
				CODE_SIGN_STYLE = Automatic;
				COMBINE_HIDPI_IMAGES = YES;
				DEVELOPMENT_TEAM = 3858C7YJ9C;
				INFOPLIST_FILE = AppBuilderUITests/Info.plist;
				LD_RUNPATH_SEARCH_PATHS = (
					"$(inherited)",
					"@executable_path/../Frameworks",
					"@loader_path/../Frameworks",
				);
				PRODUCT_BUNDLE_IDENTIFIER = ms.archiver.com.AppBuilderUITests;
				PRODUCT_NAME = "$(TARGET_NAME)";
				SWIFT_VERSION = 5.0;
				TEST_TARGET_NAME = AppBuilder;
			};
			name = Debug;
		};
		BD646BDD261E4984009571C1 /* Release */ = {
			isa = XCBuildConfiguration;
			buildSettings = {
				ALWAYS_EMBED_SWIFT_STANDARD_LIBRARIES = YES;
				CODE_SIGN_STYLE = Automatic;
				COMBINE_HIDPI_IMAGES = YES;
				DEVELOPMENT_TEAM = 3858C7YJ9C;
				INFOPLIST_FILE = AppBuilderUITests/Info.plist;
				LD_RUNPATH_SEARCH_PATHS = (
					"$(inherited)",
					"@executable_path/../Frameworks",
					"@loader_path/../Frameworks",
				);
				PRODUCT_BUNDLE_IDENTIFIER = ms.archiver.com.AppBuilderUITests;
				PRODUCT_NAME = "$(TARGET_NAME)";
				SWIFT_VERSION = 5.0;
				TEST_TARGET_NAME = AppBuilder;
			};
			name = Release;
		};
/* End XCBuildConfiguration section */

/* Begin XCConfigurationList section */
		BD646BA4261E4981009571C1 /* Build configuration list for PBXProject "AppBuilder" */ = {
			isa = XCConfigurationList;
			buildConfigurations = (
				BD646BD3261E4984009571C1 /* Debug */,
				BD646BD4261E4984009571C1 /* Release */,
			);
			defaultConfigurationIsVisible = 0;
			defaultConfigurationName = Release;
		};
		BD646BD5261E4984009571C1 /* Build configuration list for PBXNativeTarget "AppBuilder" */ = {
			isa = XCConfigurationList;
			buildConfigurations = (
				BD646BD6261E4984009571C1 /* Debug */,
				BD646BD7261E4984009571C1 /* Release */,
			);
			defaultConfigurationIsVisible = 0;
			defaultConfigurationName = Release;
		};
		BD646BD8261E4984009571C1 /* Build configuration list for PBXNativeTarget "AppBuilderTests" */ = {
			isa = XCConfigurationList;
			buildConfigurations = (
				BD646BD9261E4984009571C1 /* Debug */,
				BD646BDA261E4984009571C1 /* Release */,
			);
			defaultConfigurationIsVisible = 0;
			defaultConfigurationName = Release;
		};
		BD646BDB261E4984009571C1 /* Build configuration list for PBXNativeTarget "AppBuilderUITests" */ = {
			isa = XCConfigurationList;
			buildConfigurations = (
				BD646BDC261E4984009571C1 /* Debug */,
				BD646BDD261E4984009571C1 /* Release */,
			);
			defaultConfigurationIsVisible = 0;
			defaultConfigurationName = Release;
		};
/* End XCConfigurationList section */

/* Begin XCVersionGroup section */
		BD646BB0261E4982009571C1 /* AppBuilder.xcdatamodeld */ = {
			isa = XCVersionGroup;
			children = (
				BD646BB1261E4982009571C1 /* AppBuilder.xcdatamodel */,
			);
			currentVersion = BD646BB1261E4982009571C1 /* AppBuilder.xcdatamodel */;
			path = AppBuilder.xcdatamodeld;
			sourceTree = "<group>";
			versionGroupType = wrapper.xcdatamodel;
		};
/* End XCVersionGroup section */
	};
	rootObject = BD646BA1261E4981009571C1 /* Project object */;
}
